
Microsoft Visual Studio Solution File, Format Version 12.00
# Visual Studio 15
VisualStudioVersion = 15.0.28010.2019
MinimumVisualStudioVersion = 10.0.40219.1
Project("{FAE04EC0-301F-11D3-BF4B-00C04F79EFBC}") = "WindowsClient", "WindowsClient\WindowsClient.csproj", "{C8F7504E-8F4D-4536-A6AB-B0AFD6AC433C}"
EndProject
Project("{FAE04EC0-301F-11D3-BF4B-00C04F79EFBC}") = "WindowsClient.Tests", "WindowsClient.Tests\WindowsClient.Tests.csproj", "{3C44D5EC-4863-4F47-9261-9210641C15F8}"
EndProject
Global
	GlobalSection(SolutionConfigurationPlatforms) = preSolution
		Debug|Any CPU = Debug|Any CPU
		Debug|x64 = Debug|x64
		Debug|x86 = Debug|x86
		Release|Any CPU = Release|Any CPU
		Release|x64 = Release|x64
		Release|x86 = Release|x86
	EndGlobalSection
	GlobalSection(ProjectConfigurationPlatforms) = postSolution
		{C8F7504E-8F4D-4536-A6AB-B0AFD6AC433C}.Debug|Any CPU.ActiveCfg = Debug|Any CPU
		{C8F7504E-8F4D-4536-A6AB-B0AFD6AC433C}.Debug|Any CPU.Build.0 = Debug|Any CPU
		{C8F7504E-8F4D-4536-A6AB-B0AFD6AC433C}.Debug|x64.ActiveCfg = Debug|Any CPU
		{C8F7504E-8F4D-4536-A6AB-B0AFD6AC433C}.Debug|x64.Build.0 = Debug|Any CPU
		{C8F7504E-8F4D-4536-A6AB-B0AFD6AC433C}.Debug|x86.ActiveCfg = Debug|Any CPU
		{C8F7504E-8F4D-4536-A6AB-B0AFD6AC433C}.Debug|x86.Build.0 = Debug|Any CPU
		{C8F7504E-8F4D-4536-A6AB-B0AFD6AC433C}.Release|Any CPU.ActiveCfg = Release|Any CPU
		{C8F7504E-8F4D-4536-A6AB-B0AFD6AC433C}.Release|Any CPU.Build.0 = Release|Any CPU
		{C8F7504E-8F4D-4536-A6AB-B0AFD6AC433C}.Release|x64.ActiveCfg = Release|Any CPU
		{C8F7504E-8F4D-4536-A6AB-B0AFD6AC433C}.Release|x64.Build.0 = Release|Any CPU
		{C8F7504E-8F4D-4536-A6AB-B0AFD6AC433C}.Release|x86.ActiveCfg = Release|Any CPU
		{C8F7504E-8F4D-4536-A6AB-B0AFD6AC433C}.Release|x86.Build.0 = Release|Any CPU
		{3C44D5EC-4863-4F47-9261-9210641C15F8}.Debug|Any CPU.ActiveCfg = Debug|Any CPU
		{3C44D5EC-4863-4F47-9261-9210641C15F8}.Debug|Any CPU.Build.0 = Debug|Any CPU
		{3C44D5EC-4863-4F47-9261-9210641C15F8}.Debug|x64.ActiveCfg = Debug|Any CPU
		{3C44D5EC-4863-4F47-9261-9210641C15F8}.Debug|x64.Build.0 = Debug|Any CPU
		{3C44D5EC-4863-4F47-9261-9210641C15F8}.Debug|x86.ActiveCfg = Debug|Any CPU
		{3C44D5EC-4863-4F47-9261-9210641C15F8}.Debug|x86.Build.0 = Debug|Any CPU
		{3C44D5EC-4863-4F47-9261-9210641C15F8}.Release|Any CPU.ActiveCfg = Release|Any CPU
		{3C44D5EC-4863-4F47-9261-9210641C15F8}.Release|Any CPU.Build.0 = Release|Any CPU
		{3C44D5EC-4863-4F47-9261-9210641C15F8}.Release|x64.ActiveCfg = Release|Any CPU
		{3C44D5EC-4863-4F47-9261-9210641C15F8}.Release|x64.Build.0 = Release|Any CPU
		{3C44D5EC-4863-4F47-9261-9210641C15F8}.Release|x86.ActiveCfg = Release|Any CPU
		{3C44D5EC-4863-4F47-9261-9210641C15F8}.Release|x86.Build.0 = Release|Any CPU
	EndGlobalSection
	GlobalSection(SolutionProperties) = preSolution
		HideSolutionNode = FALSE
	EndGlobalSection
	GlobalSection(ExtensibilityGlobals) = postSolution
		SolutionGuid = {B65A78B9-6AC8-4E60-8982-6CBB5BF22B66}
	EndGlobalSection
EndGlobal
